
Microsoft Visual Studio Solution File, Format Version 12.00
# Visual Studio Version 17
VisualStudioVersion = 17.3.32819.101
MinimumVisualStudioVersion = 10.0.40219.1
Project("{FAE04EC0-301F-11D3-BF4B-00C04F79EFBC}") = "DotNetCore6Test", "DotNetCore6Test\DotNetCore6Test.csproj", "{0F77B5B1-E3E9-43CF-A245-D84530CC4DD3}"
EndProject
Global
	GlobalSection(SolutionConfigurationPlatforms) = preSolution
		Debug|Any CPU = Debug|Any CPU
		Release|Any CPU = Release|Any CPU
	EndGlobalSection
	GlobalSection(ProjectConfigurationPlatforms) = postSolution
		{0F77B5B1-E3E9-43CF-A245-D84530CC4DD3}.Debug|Any CPU.ActiveCfg = Debug|Any CPU
		{0F77B5B1-E3E9-43CF-A245-D84530CC4DD3}.Debug|Any CPU.Build.0 = Debug|Any CPU
		{0F77B5B1-E3E9-43CF-A245-D84530CC4DD3}.Release|Any CPU.ActiveCfg = Release|Any CPU
		{0F77B5B1-E3E9-43CF-A245-D84530CC4DD3}.Release|Any CPU.Build.0 = Release|Any CPU
	EndGlobalSection
	GlobalSection(SolutionProperties) = preSolution
		HideSolutionNode = FALSE
	EndGlobalSection
	GlobalSection(ExtensibilityGlobals) = postSolution
		SolutionGuid = {98B81F55-7963-47BB-8C53-26FC65772370}
	EndGlobalSection
EndGlobal
